{
    "name": "bazel_test",
    "version": "0.1.0",
    "lockfileVersion": 1,
    "requires": true,
    "dependencies": {
        "@bazel/bazelisk": {
            "version": "1.10.1",
            "resolved": "https://registry.npmjs.org/@bazel/bazelisk/-/bazelisk-1.10.1.tgz",
            "integrity": "sha512-IHszNzBO2UrUy6YtsSAsZtnU6I6qpzXGkWdEvGoMxLgJnDsEnsIYniDCUjvjU1KAP+A03eepmCHlyFcRHMSxRA==",
            "dev": true
        },
        "@bazel/buildifier": {
            "version": "4.2.1",
            "resolved": "https://registry.npmjs.org/@bazel/buildifier/-/buildifier-4.2.1.tgz",
            "integrity": "sha512-eMBw//leW3xIbDrylsFKC7ejOMKAja2Z3BmQ5Zan/h7s/C+F2cMz3UFJhSVZRl4AaN3bXVvTNMz385abaTK/tA==",
            "dev": true
        },
        "@bazel/ibazel": {
            "version": "0.15.10",
            "resolved": "https://registry.npmjs.org/@bazel/ibazel/-/ibazel-0.15.10.tgz",
            "integrity": "sha512-0v+OwCQ6fsGFa50r6MXWbUkSGuWOoZ22K4pMSdtWiL5LKFIE4kfmMmtQS+M7/ICNwk2EIYob+NRreyi/DGUz5A==",
            "dev": true
        }
    }
}
